
Microsoft Visual Studio Solution File, Format Version 12.00
# Visual Studio 14
VisualStudioVersion = 14.0.25420.1
MinimumVisualStudioVersion = 10.0.40219.1
Project("{FAE04EC0-301F-11D3-BF4B-00C04F79EFBC}") = "XFOneSignalDemo.Android", "XFOneSignalDemo\XFOneSignalDemo.Android\XFOneSignalDemo.Android.csproj", "{A48172EF-EC51-49F7-948B-5B67F6B111F8}"
EndProject
Project("{FAE04EC0-301F-11D3-BF4B-00C04F79EFBC}") = "XFOneSignalDemo", "XFOneSignalDemo\XFOneSignalDemo\XFOneSignalDemo.csproj", "{43E3826D-626D-47E6-A4B9-BA7667ADF25B}"
EndProject
Project("{FAE04EC0-301F-11D3-BF4B-00C04F79EFBC}") = "XFOneSignalDemo.UWP", "XFOneSignalDemo\XFOneSignalDemo.UWP\XFOneSignalDemo.UWP.csproj", "{04991E30-BE72-4B04-9DE0-284903530BB1}"
EndProject
Project("{FAE04EC0-301F-11D3-BF4B-00C04F79EFBC}") = "XFOneSignalDemo.iOS", "XFOneSignalDemo\XFOneSignalDemo.iOS\XFOneSignalDemo.iOS.csproj", "{934138E1-33CC-4CCA-9104-319B29D4468E}"
EndProject
Global
	GlobalSection(SolutionConfigurationPlatforms) = preSolution
		Ad-Hoc|Any CPU = Ad-Hoc|Any CPU
		Ad-Hoc|ARM = Ad-Hoc|ARM
		Ad-Hoc|iPhone = Ad-Hoc|iPhone
		Ad-Hoc|iPhoneSimulator = Ad-Hoc|iPhoneSimulator
		Ad-Hoc|x64 = Ad-Hoc|x64
		Ad-Hoc|x86 = Ad-Hoc|x86
		AppStore|Any CPU = AppStore|Any CPU
		AppStore|ARM = AppStore|ARM
		AppStore|iPhone = AppStore|iPhone
		AppStore|iPhoneSimulator = AppStore|iPhoneSimulator
		AppStore|x64 = AppStore|x64
		AppStore|x86 = AppStore|x86
		Debug|Any CPU = Debug|Any CPU
		Debug|ARM = Debug|ARM
		Debug|iPhone = Debug|iPhone
		Debug|iPhoneSimulator = Debug|iPhoneSimulator
		Debug|x64 = Debug|x64
		Debug|x86 = Debug|x86
		Release|Any CPU = Release|Any CPU
		Release|ARM = Release|ARM
		Release|iPhone = Release|iPhone
		Release|iPhoneSimulator = Release|iPhoneSimulator
		Release|x64 = Release|x64
		Release|x86 = Release|x86
	EndGlobalSection
	GlobalSection(ProjectConfigurationPlatforms) = postSolution
		{A48172EF-EC51-49F7-948B-5B67F6B111F8}.Ad-Hoc|Any CPU.ActiveCfg = Release|Any CPU
		{A48172EF-EC51-49F7-948B-5B67F6B111F8}.Ad-Hoc|Any CPU.Build.0 = Release|Any CPU
		{A48172EF-EC51-49F7-948B-5B67F6B111F8}.Ad-Hoc|Any CPU.Deploy.0 = Release|Any CPU
		{A48172EF-EC51-49F7-948B-5B67F6B111F8}.Ad-Hoc|ARM.ActiveCfg = Release|Any CPU
		{A48172EF-EC51-49F7-948B-5B67F6B111F8}.Ad-Hoc|ARM.Build.0 = Release|Any CPU
		{A48172EF-EC51-49F7-948B-5B67F6B111F8}.Ad-Hoc|ARM.Deploy.0 = Release|Any CPU
		{A48172EF-EC51-49F7-948B-5B67F6B111F8}.Ad-Hoc|iPhone.ActiveCfg = Release|Any CPU
		{A48172EF-EC51-49F7-948B-5B67F6B111F8}.Ad-Hoc|iPhone.Build.0 = Release|Any CPU
		{A48172EF-EC51-49F7-948B-5B67F6B111F8}.Ad-Hoc|iPhone.Deploy.0 = Release|Any CPU
		{A48172EF-EC51-49F7-948B-5B67F6B111F8}.Ad-Hoc|iPhoneSimulator.ActiveCfg = Release|Any CPU
		{A48172EF-EC51-49F7-948B-5B67F6B111F8}.Ad-Hoc|iPhoneSimulator.Build.0 = Release|Any CPU
		{A48172EF-EC51-49F7-948B-5B67F6B111F8}.Ad-Hoc|iPhoneSimulator.Deploy.0 = Release|Any CPU
		{A48172EF-EC51-49F7-948B-5B67F6B111F8}.Ad-Hoc|x64.ActiveCfg = Release|Any CPU
		{A48172EF-EC51-49F7-948B-5B67F6B111F8}.Ad-Hoc|x64.Build.0 = Release|Any CPU
		{A48172EF-EC51-49F7-948B-5B67F6B111F8}.Ad-Hoc|x64.Deploy.0 = Release|Any CPU
		{A48172EF-EC51-49F7-948B-5B67F6B111F8}.Ad-Hoc|x86.ActiveCfg = Release|Any CPU
		{A48172EF-EC51-49F7-948B-5B67F6B111F8}.Ad-Hoc|x86.Build.0 = Release|Any CPU
		{A48172EF-EC51-49F7-948B-5B67F6B111F8}.Ad-Hoc|x86.Deploy.0 = Release|Any CPU
		{A48172EF-EC51-49F7-948B-5B67F6B111F8}.AppStore|Any CPU.ActiveCfg = Release|Any CPU
		{A48172EF-EC51-49F7-948B-5B67F6B111F8}.AppStore|Any CPU.Build.0 = Release|Any CPU
		{A48172EF-EC51-49F7-948B-5B67F6B111F8}.AppStore|Any CPU.Deploy.0 = Release|Any CPU
		{A48172EF-EC51-49F7-948B-5B67F6B111F8}.AppStore|ARM.ActiveCfg = Release|Any CPU
		{A48172EF-EC51-49F7-948B-5B67F6B111F8}.AppStore|ARM.Build.0 = Release|Any CPU
		{A48172EF-EC51-49F7-948B-5B67F6B111F8}.AppStore|ARM.Deploy.0 = Release|Any CPU
		{A48172EF-EC51-49F7-948B-5B67F6B111F8}.AppStore|iPhone.ActiveCfg = Release|Any CPU
		{A48172EF-EC51-49F7-948B-5B67F6B111F8}.AppStore|iPhone.Build.0 = Release|Any CPU
		{A48172EF-EC51-49F7-948B-5B67F6B111F8}.AppStore|iPhone.Deploy.0 = Release|Any CPU
		{A48172EF-EC51-49F7-948B-5B67F6B111F8}.AppStore|iPhoneSimulator.ActiveCfg = Release|Any CPU
		{A48172EF-EC51-49F7-948B-5B67F6B111F8}.AppStore|iPhoneSimulator.Build.0 = Release|Any CPU
		{A48172EF-EC51-49F7-948B-5B67F6B111F8}.AppStore|iPhoneSimulator.Deploy.0 = Release|Any CPU
		{A48172EF-EC51-49F7-948B-5B67F6B111F8}.AppStore|x64.ActiveCfg = Release|Any CPU
		{A48172EF-EC51-49F7-948B-5B67F6B111F8}.AppStore|x64.Build.0 = Release|Any CPU
		{A48172EF-EC51-49F7-948B-5B67F6B111F8}.AppStore|x64.Deploy.0 = Release|Any CPU
		{A48172EF-EC51-49F7-948B-5B67F6B111F8}.AppStore|x86.ActiveCfg = Release|Any CPU
		{A48172EF-EC51-49F7-948B-5B67F6B111F8}.AppStore|x86.Build.0 = Release|Any CPU
		{A48172EF-EC51-49F7-948B-5B67F6B111F8}.AppStore|x86.Deploy.0 = Release|Any CPU
		{A48172EF-EC51-49F7-948B-5B67F6B111F8}.Debug|Any CPU.ActiveCfg = Debug|Any CPU
		{A48172EF-EC51-49F7-948B-5B67F6B111F8}.Debug|Any CPU.Build.0 = Debug|Any CPU
		{A48172EF-EC51-49F7-948B-5B67F6B111F8}.Debug|Any CPU.Deploy.0 = Debug|Any CPU
		{A48172EF-EC51-49F7-948B-5B67F6B111F8}.Debug|ARM.ActiveCfg = Debug|Any CPU
		{A48172EF-EC51-49F7-948B-5B67F6B111F8}.Debug|ARM.Build.0 = Debug|Any CPU
		{A48172EF-EC51-49F7-948B-5B67F6B111F8}.Debug|ARM.Deploy.0 = Debug|Any CPU
		{A48172EF-EC51-49F7-948B-5B67F6B111F8}.Debug|iPhone.ActiveCfg = Debug|Any CPU
		{A48172EF-EC51-49F7-948B-5B67F6B111F8}.Debug|iPhone.Build.0 = Debug|Any CPU
		{A48172EF-EC51-49F7-948B-5B67F6B111F8}.Debug|iPhone.Deploy.0 = Debug|Any CPU
		{A48172EF-EC51-49F7-948B-5B67F6B111F8}.Debug|iPhoneSimulator.ActiveCfg = Debug|Any CPU
		{A48172EF-EC51-49F7-948B-5B67F6B111F8}.Debug|iPhoneSimulator.Build.0 = Debug|Any CPU
		{A48172EF-EC51-49F7-948B-5B67F6B111F8}.Debug|iPhoneSimulator.Deploy.0 = Debug|Any CPU
		{A48172EF-EC51-49F7-948B-5B67F6B111F8}.Debug|x64.ActiveCfg = Debug|Any CPU
		{A48172EF-EC51-49F7-948B-5B67F6B111F8}.Debug|x64.Build.0 = Debug|Any CPU
		{A48172EF-EC51-49F7-948B-5B67F6B111F8}.Debug|x64.Deploy.0 = Debug|Any CPU
		{A48172EF-EC51-49F7-948B-5B67F6B111F8}.Debug|x86.ActiveCfg = Debug|Any CPU
		{A48172EF-EC51-49F7-948B-5B67F6B111F8}.Debug|x86.Build.0 = Debug|Any CPU
		{A48172EF-EC51-49F7-948B-5B67F6B111F8}.Debug|x86.Deploy.0 = Debug|Any CPU
		{A48172EF-EC51-49F7-948B-5B67F6B111F8}.Release|Any CPU.ActiveCfg = Release|Any CPU
		{A48172EF-EC51-49F7-948B-5B67F6B111F8}.Release|Any CPU.Build.0 = Release|Any CPU
		{A48172EF-EC51-49F7-948B-5B67F6B111F8}.Release|Any CPU.Deploy.0 = Release|Any CPU
		{A48172EF-EC51-49F7-948B-5B67F6B111F8}.Release|ARM.ActiveCfg = Release|Any CPU
		{A48172EF-EC51-49F7-948B-5B67F6B111F8}.Release|ARM.Build.0 = Release|Any CPU
		{A48172EF-EC51-49F7-948B-5B67F6B111F8}.Release|ARM.Deploy.0 = Release|Any CPU
		{A48172EF-EC51-49F7-948B-5B67F6B111F8}.Release|iPhone.ActiveCfg = Release|Any CPU
		{A48172EF-EC51-49F7-948B-5B67F6B111F8}.Release|iPhone.Build.0 = Release|Any CPU
		{A48172EF-EC51-49F7-948B-5B67F6B111F8}.Release|iPhone.Deploy.0 = Release|Any CPU
		{A48172EF-EC51-49F7-948B-5B67F6B111F8}.Release|iPhoneSimulator.ActiveCfg = Release|Any CPU
		{A48172EF-EC51-49F7-948B-5B67F6B111F8}.Release|iPhoneSimulator.Build.0 = Release|Any CPU
		{A48172EF-EC51-49F7-948B-5B67F6B111F8}.Release|iPhoneSimulator.Deploy.0 = Release|Any CPU
		{A48172EF-EC51-49F7-948B-5B67F6B111F8}.Release|x64.ActiveCfg = Release|Any CPU
		{A48172EF-EC51-49F7-948B-5B67F6B111F8}.Release|x64.Build.0 = Release|Any CPU
		{A48172EF-EC51-49F7-948B-5B67F6B111F8}.Release|x64.Deploy.0 = Release|Any CPU
		{A48172EF-EC51-49F7-948B-5B67F6B111F8}.Release|x86.ActiveCfg = Release|Any CPU
		{A48172EF-EC51-49F7-948B-5B67F6B111F8}.Release|x86.Build.0 = Release|Any CPU
		{A48172EF-EC51-49F7-948B-5B67F6B111F8}.Release|x86.Deploy.0 = Release|Any CPU
		{43E3826D-626D-47E6-A4B9-BA7667ADF25B}.Ad-Hoc|Any CPU.ActiveCfg = Release|Any CPU
		{43E3826D-626D-47E6-A4B9-BA7667ADF25B}.Ad-Hoc|Any CPU.Build.0 = Release|Any CPU
		{43E3826D-626D-47E6-A4B9-BA7667ADF25B}.Ad-Hoc|ARM.ActiveCfg = Release|Any CPU
		{43E3826D-626D-47E6-A4B9-BA7667ADF25B}.Ad-Hoc|ARM.Build.0 = Release|Any CPU
		{43E3826D-626D-47E6-A4B9-BA7667ADF25B}.Ad-Hoc|iPhone.ActiveCfg = Release|Any CPU
		{43E3826D-626D-47E6-A4B9-BA7667ADF25B}.Ad-Hoc|iPhone.Build.0 = Release|Any CPU
		{43E3826D-626D-47E6-A4B9-BA7667ADF25B}.Ad-Hoc|iPhoneSimulator.ActiveCfg = Release|Any CPU
		{43E3826D-626D-47E6-A4B9-BA7667ADF25B}.Ad-Hoc|iPhoneSimulator.Build.0 = Release|Any CPU
		{43E3826D-626D-47E6-A4B9-BA7667ADF25B}.Ad-Hoc|x64.ActiveCfg = Release|Any CPU
		{43E3826D-626D-47E6-A4B9-BA7667ADF25B}.Ad-Hoc|x64.Build.0 = Release|Any CPU
		{43E3826D-626D-47E6-A4B9-BA7667ADF25B}.Ad-Hoc|x86.ActiveCfg = Release|Any CPU
		{43E3826D-626D-47E6-A4B9-BA7667ADF25B}.Ad-Hoc|x86.Build.0 = Release|Any CPU
		{43E3826D-626D-47E6-A4B9-BA7667ADF25B}.AppStore|Any CPU.ActiveCfg = Release|Any CPU
		{43E3826D-626D-47E6-A4B9-BA7667ADF25B}.AppStore|Any CPU.Build.0 = Release|Any CPU
		{43E3826D-626D-47E6-A4B9-BA7667ADF25B}.AppStore|ARM.ActiveCfg = Release|Any CPU
		{43E3826D-626D-47E6-A4B9-BA7667ADF25B}.AppStore|ARM.Build.0 = Release|Any CPU
		{43E3826D-626D-47E6-A4B9-BA7667ADF25B}.AppStore|iPhone.ActiveCfg = Release|Any CPU
		{43E3826D-626D-47E6-A4B9-BA7667ADF25B}.AppStore|iPhone.Build.0 = Release|Any CPU
		{43E3826D-626D-47E6-A4B9-BA7667ADF25B}.AppStore|iPhoneSimulator.ActiveCfg = Release|Any CPU
		{43E3826D-626D-47E6-A4B9-BA7667ADF25B}.AppStore|iPhoneSimulator.Build.0 = Release|Any CPU
		{43E3826D-626D-47E6-A4B9-BA7667ADF25B}.AppStore|x64.ActiveCfg = Release|Any CPU
		{43E3826D-626D-47E6-A4B9-BA7667ADF25B}.AppStore|x64.Build.0 = Release|Any CPU
		{43E3826D-626D-47E6-A4B9-BA7667ADF25B}.AppStore|x86.ActiveCfg = Release|Any CPU
		{43E3826D-626D-47E6-A4B9-BA7667ADF25B}.AppStore|x86.Build.0 = Release|Any CPU
		{43E3826D-626D-47E6-A4B9-BA7667ADF25B}.Debug|Any CPU.ActiveCfg = Debug|Any CPU
		{43E3826D-626D-47E6-A4B9-BA7667ADF25B}.Debug|Any CPU.Build.0 = Debug|Any CPU
		{43E3826D-626D-47E6-A4B9-BA7667ADF25B}.Debug|ARM.ActiveCfg = Debug|Any CPU
		{43E3826D-626D-47E6-A4B9-BA7667ADF25B}.Debug|ARM.Build.0 = Debug|Any CPU
		{43E3826D-626D-47E6-A4B9-BA7667ADF25B}.Debug|iPhone.ActiveCfg = Debug|Any CPU
		{43E3826D-626D-47E6-A4B9-BA7667ADF25B}.Debug|iPhone.Build.0 = Debug|Any CPU
		{43E3826D-626D-47E6-A4B9-BA7667ADF25B}.Debug|iPhoneSimulator.ActiveCfg = Debug|Any CPU
		{43E3826D-626D-47E6-A4B9-BA7667ADF25B}.Debug|iPhoneSimulator.Build.0 = Debug|Any CPU
		{43E3826D-626D-47E6-A4B9-BA7667ADF25B}.Debug|x64.ActiveCfg = Debug|Any CPU
		{43E3826D-626D-47E6-A4B9-BA7667ADF25B}.Debug|x64.Build.0 = Debug|Any CPU
		{43E3826D-626D-47E6-A4B9-BA7667ADF25B}.Debug|x86.ActiveCfg = Debug|Any CPU
		{43E3826D-626D-47E6-A4B9-BA7667ADF25B}.Debug|x86.Build.0 = Debug|Any CPU
		{43E3826D-626D-47E6-A4B9-BA7667ADF25B}.Release|Any CPU.ActiveCfg = Release|Any CPU
		{43E3826D-626D-47E6-A4B9-BA7667ADF25B}.Release|Any CPU.Build.0 = Release|Any CPU
		{43E3826D-626D-47E6-A4B9-BA7667ADF25B}.Release|ARM.ActiveCfg = Release|Any CPU
		{43E3826D-626D-47E6-A4B9-BA7667ADF25B}.Release|ARM.Build.0 = Release|Any CPU
		{43E3826D-626D-47E6-A4B9-BA7667ADF25B}.Release|iPhone.ActiveCfg = Release|Any CPU
		{43E3826D-626D-47E6-A4B9-BA7667ADF25B}.Release|iPhone.Build.0 = Release|Any CPU
		{43E3826D-626D-47E6-A4B9-BA7667ADF25B}.Release|iPhoneSimulator.ActiveCfg = Release|Any CPU
		{43E3826D-626D-47E6-A4B9-BA7667ADF25B}.Release|iPhoneSimulator.Build.0 = Release|Any CPU
		{43E3826D-626D-47E6-A4B9-BA7667ADF25B}.Release|x64.ActiveCfg = Release|Any CPU
		{43E3826D-626D-47E6-A4B9-BA7667ADF25B}.Release|x64.Build.0 = Release|Any CPU
		{43E3826D-626D-47E6-A4B9-BA7667ADF25B}.Release|x86.ActiveCfg = Release|Any CPU
		{43E3826D-626D-47E6-A4B9-BA7667ADF25B}.Release|x86.Build.0 = Release|Any CPU
		{04991E30-BE72-4B04-9DE0-284903530BB1}.Ad-Hoc|Any CPU.ActiveCfg = Release|x86
		{04991E30-BE72-4B04-9DE0-284903530BB1}.Ad-Hoc|Any CPU.Build.0 = Release|x86
		{04991E30-BE72-4B04-9DE0-284903530BB1}.Ad-Hoc|Any CPU.Deploy.0 = Release|x86
		{04991E30-BE72-4B04-9DE0-284903530BB1}.Ad-Hoc|ARM.ActiveCfg = Release|ARM
		{04991E30-BE72-4B04-9DE0-284903530BB1}.Ad-Hoc|ARM.Build.0 = Release|ARM
		{04991E30-BE72-4B04-9DE0-284903530BB1}.Ad-Hoc|ARM.Deploy.0 = Release|ARM
		{04991E30-BE72-4B04-9DE0-284903530BB1}.Ad-Hoc|iPhone.ActiveCfg = Release|x86
		{04991E30-BE72-4B04-9DE0-284903530BB1}.Ad-Hoc|iPhone.Build.0 = Release|x86
		{04991E30-BE72-4B04-9DE0-284903530BB1}.Ad-Hoc|iPhone.Deploy.0 = Release|x86
		{04991E30-BE72-4B04-9DE0-284903530BB1}.Ad-Hoc|iPhoneSimulator.ActiveCfg = Release|x86
		{04991E30-BE72-4B04-9DE0-284903530BB1}.Ad-Hoc|iPhoneSimulator.Build.0 = Release|x86
		{04991E30-BE72-4B04-9DE0-284903530BB1}.Ad-Hoc|iPhoneSimulator.Deploy.0 = Release|x86
		{04991E30-BE72-4B04-9DE0-284903530BB1}.Ad-Hoc|x64.ActiveCfg = Release|x64
		{04991E30-BE72-4B04-9DE0-284903530BB1}.Ad-Hoc|x64.Build.0 = Release|x64
		{04991E30-BE72-4B04-9DE0-284903530BB1}.Ad-Hoc|x64.Deploy.0 = Release|x64
		{04991E30-BE72-4B04-9DE0-284903530BB1}.Ad-Hoc|x86.ActiveCfg = Release|x86
		{04991E30-BE72-4B04-9DE0-284903530BB1}.Ad-Hoc|x86.Build.0 = Release|x86
		{04991E30-BE72-4B04-9DE0-284903530BB1}.Ad-Hoc|x86.Deploy.0 = Release|x86
		{04991E30-BE72-4B04-9DE0-284903530BB1}.AppStore|Any CPU.ActiveCfg = Release|x86
		{04991E30-BE72-4B04-9DE0-284903530BB1}.AppStore|Any CPU.Build.0 = Release|x86
		{04991E30-BE72-4B04-9DE0-284903530BB1}.AppStore|Any CPU.Deploy.0 = Release|x86
		{04991E30-BE72-4B04-9DE0-284903530BB1}.AppStore|ARM.ActiveCfg = Release|ARM
		{04991E30-BE72-4B04-9DE0-284903530BB1}.AppStore|ARM.Build.0 = Release|ARM
		{04991E30-BE72-4B04-9DE0-284903530BB1}.AppStore|ARM.Deploy.0 = Release|ARM
		{04991E30-BE72-4B04-9DE0-284903530BB1}.AppStore|iPhone.ActiveCfg = Release|x86
		{04991E30-BE72-4B04-9DE0-284903530BB1}.AppStore|iPhone.Build.0 = Release|x86
		{04991E30-BE72-4B04-9DE0-284903530BB1}.AppStore|iPhone.Deploy.0 = Release|x86
		{04991E30-BE72-4B04-9DE0-284903530BB1}.AppStore|iPhoneSimulator.ActiveCfg = Release|x86
		{04991E30-BE72-4B04-9DE0-284903530BB1}.AppStore|iPhoneSimulator.Build.0 = Release|x86
		{04991E30-BE72-4B04-9DE0-284903530BB1}.AppStore|iPhoneSimulator.Deploy.0 = Release|x86
		{04991E30-BE72-4B04-9DE0-284903530BB1}.AppStore|x64.ActiveCfg = Release|x64
		{04991E30-BE72-4B04-9DE0-284903530BB1}.AppStore|x64.Build.0 = Release|x64
		{04991E30-BE72-4B04-9DE0-284903530BB1}.AppStore|x64.Deploy.0 = Release|x64
		{04991E30-BE72-4B04-9DE0-284903530BB1}.AppStore|x86.ActiveCfg = Release|x86
		{04991E30-BE72-4B04-9DE0-284903530BB1}.AppStore|x86.Build.0 = Release|x86
		{04991E30-BE72-4B04-9DE0-284903530BB1}.AppStore|x86.Deploy.0 = Release|x86
		{04991E30-BE72-4B04-9DE0-284903530BB1}.Debug|Any CPU.ActiveCfg = Debug|x86
		{04991E30-BE72-4B04-9DE0-284903530BB1}.Debug|ARM.ActiveCfg = Debug|ARM
		{04991E30-BE72-4B04-9DE0-284903530BB1}.Debug|ARM.Build.0 = Debug|ARM
		{04991E30-BE72-4B04-9DE0-284903530BB1}.Debug|ARM.Deploy.0 = Debug|ARM
		{04991E30-BE72-4B04-9DE0-284903530BB1}.Debug|iPhone.ActiveCfg = Debug|x86
		{04991E30-BE72-4B04-9DE0-284903530BB1}.Debug|iPhoneSimulator.ActiveCfg = Debug|x86
		{04991E30-BE72-4B04-9DE0-284903530BB1}.Debug|x64.ActiveCfg = Debug|x64
		{04991E30-BE72-4B04-9DE0-284903530BB1}.Debug|x64.Build.0 = Debug|x64
		{04991E30-BE72-4B04-9DE0-284903530BB1}.Debug|x64.Deploy.0 = Debug|x64
		{04991E30-BE72-4B04-9DE0-284903530BB1}.Debug|x86.ActiveCfg = Debug|x86
		{04991E30-BE72-4B04-9DE0-284903530BB1}.Debug|x86.Build.0 = Debug|x86
		{04991E30-BE72-4B04-9DE0-284903530BB1}.Debug|x86.Deploy.0 = Debug|x86
		{04991E30-BE72-4B04-9DE0-284903530BB1}.Release|Any CPU.ActiveCfg = Release|x86
		{04991E30-BE72-4B04-9DE0-284903530BB1}.Release|ARM.ActiveCfg = Release|ARM
		{04991E30-BE72-4B04-9DE0-284903530BB1}.Release|ARM.Build.0 = Release|ARM
		{04991E30-BE72-4B04-9DE0-284903530BB1}.Release|ARM.Deploy.0 = Release|ARM
		{04991E30-BE72-4B04-9DE0-284903530BB1}.Release|iPhone.ActiveCfg = Release|x86
		{04991E30-BE72-4B04-9DE0-284903530BB1}.Release|iPhoneSimulator.ActiveCfg = Release|x86
		{04991E30-BE72-4B04-9DE0-284903530BB1}.Release|x64.ActiveCfg = Release|x64
		{04991E30-BE72-4B04-9DE0-284903530BB1}.Release|x64.Build.0 = Release|x64
		{04991E30-BE72-4B04-9DE0-284903530BB1}.Release|x64.Deploy.0 = Release|x64
		{04991E30-BE72-4B04-9DE0-284903530BB1}.Release|x86.ActiveCfg = Release|x86
		{04991E30-BE72-4B04-9DE0-284903530BB1}.Release|x86.Build.0 = Release|x86
		{04991E30-BE72-4B04-9DE0-284903530BB1}.Release|x86.Deploy.0 = Release|x86
		{934138E1-33CC-4CCA-9104-319B29D4468E}.Ad-Hoc|Any CPU.ActiveCfg = Ad-Hoc|iPhoneSimulator
		{934138E1-33CC-4CCA-9104-319B29D4468E}.Ad-Hoc|ARM.ActiveCfg = Ad-Hoc|iPhone
		{934138E1-33CC-4CCA-9104-319B29D4468E}.Ad-Hoc|iPhone.ActiveCfg = Ad-Hoc|iPhone
		{934138E1-33CC-4CCA-9104-319B29D4468E}.Ad-Hoc|iPhone.Build.0 = Ad-Hoc|iPhone
		{934138E1-33CC-4CCA-9104-319B29D4468E}.Ad-Hoc|iPhoneSimulator.ActiveCfg = Ad-Hoc|iPhoneSimulator
		{934138E1-33CC-4CCA-9104-319B29D4468E}.Ad-Hoc|iPhoneSimulator.Build.0 = Ad-Hoc|iPhoneSimulator
		{934138E1-33CC-4CCA-9104-319B29D4468E}.Ad-Hoc|x64.ActiveCfg = Ad-Hoc|iPhone
		{934138E1-33CC-4CCA-9104-319B29D4468E}.Ad-Hoc|x86.ActiveCfg = Ad-Hoc|iPhone
		{934138E1-33CC-4CCA-9104-319B29D4468E}.AppStore|Any CPU.ActiveCfg = AppStore|iPhoneSimulator
		{934138E1-33CC-4CCA-9104-319B29D4468E}.AppStore|ARM.ActiveCfg = AppStore|iPhone
		{934138E1-33CC-4CCA-9104-319B29D4468E}.AppStore|iPhone.ActiveCfg = AppStore|iPhone
		{934138E1-33CC-4CCA-9104-319B29D4468E}.AppStore|iPhone.Build.0 = AppStore|iPhone
		{934138E1-33CC-4CCA-9104-319B29D4468E}.AppStore|iPhoneSimulator.ActiveCfg = AppStore|iPhoneSimulator
		{934138E1-33CC-4CCA-9104-319B29D4468E}.AppStore|iPhoneSimulator.Build.0 = AppStore|iPhoneSimulator
		{934138E1-33CC-4CCA-9104-319B29D4468E}.AppStore|x64.ActiveCfg = AppStore|iPhone
		{934138E1-33CC-4CCA-9104-319B29D4468E}.AppStore|x86.ActiveCfg = AppStore|iPhone
		{934138E1-33CC-4CCA-9104-319B29D4468E}.Debug|Any CPU.ActiveCfg = Debug|iPhoneSimulator
		{934138E1-33CC-4CCA-9104-319B29D4468E}.Debug|ARM.ActiveCfg = Debug|iPhone
		{934138E1-33CC-4CCA-9104-319B29D4468E}.Debug|iPhone.ActiveCfg = Debug|iPhone
		{934138E1-33CC-4CCA-9104-319B29D4468E}.Debug|iPhone.Build.0 = Debug|iPhone
		{934138E1-33CC-4CCA-9104-319B29D4468E}.Debug|iPhoneSimulator.ActiveCfg = Debug|iPhoneSimulator
		{934138E1-33CC-4CCA-9104-319B29D4468E}.Debug|iPhoneSimulator.Build.0 = Debug|iPhoneSimulator
		{934138E1-33CC-4CCA-9104-319B29D4468E}.Debug|x64.ActiveCfg = Debug|iPhone
		{934138E1-33CC-4CCA-9104-319B29D4468E}.Debug|x86.ActiveCfg = Debug|iPhone
		{934138E1-33CC-4CCA-9104-319B29D4468E}.Release|Any CPU.ActiveCfg = Release|iPhoneSimulator
		{934138E1-33CC-4CCA-9104-319B29D4468E}.Release|ARM.ActiveCfg = Release|iPhone
		{934138E1-33CC-4CCA-9104-319B29D4468E}.Release|iPhone.ActiveCfg = Release|iPhone
		{934138E1-33CC-4CCA-9104-319B29D4468E}.Release|iPhone.Build.0 = Release|iPhone
		{934138E1-33CC-4CCA-9104-319B29D4468E}.Release|iPhoneSimulator.ActiveCfg = Release|iPhoneSimulator
		{934138E1-33CC-4CCA-9104-319B29D4468E}.Release|iPhoneSimulator.Build.0 = Release|iPhoneSimulator
		{934138E1-33CC-4CCA-9104-319B29D4468E}.Release|x64.ActiveCfg = Release|iPhone
		{934138E1-33CC-4CCA-9104-319B29D4468E}.Release|x86.ActiveCfg = Release|iPhone
	EndGlobalSection
	GlobalSection(SolutionProperties) = preSolution
		HideSolutionNode = FALSE
	EndGlobalSection
EndGlobal
